// !$*UTF8*$!
{
	archiveVersion = 1;
	classes = {
	};
	objectVersion = 50;
	objects = {

/* Begin PBXBuildFile section */
		38743A282463F282007B0E51 /* BungeeOutline-Regular.ttf in Resources */ = {isa = PBXBuildFile; fileRef = 38743A272463F282007B0E51 /* BungeeOutline-Regular.ttf */; };
		38743A382467FCE3007B0E51 /* PlayViewController.swift in Sources */ = {isa = PBXBuildFile; fileRef = 38743A372467FCE3007B0E51 /* PlayViewController.swift */; };
		38959B832460058100C7AD4D /* AppDelegate.swift in Sources */ = {isa = PBXBuildFile; fileRef = 38959B822460058100C7AD4D /* AppDelegate.swift */; };
		38959B852460058100C7AD4D /* SceneDelegate.swift in Sources */ = {isa = PBXBuildFile; fileRef = 38959B842460058100C7AD4D /* SceneDelegate.swift */; };
		38959B872460058100C7AD4D /* MatchListViewController.swift in Sources */ = {isa = PBXBuildFile; fileRef = 38959B862460058100C7AD4D /* MatchListViewController.swift */; };
		38959B8A2460058100C7AD4D /* Main.storyboard in Resources */ = {isa = PBXBuildFile; fileRef = 38959B882460058100C7AD4D /* Main.storyboard */; };
		38959B8C2460058300C7AD4D /* Assets.xcassets in Resources */ = {isa = PBXBuildFile; fileRef = 38959B8B2460058300C7AD4D /* Assets.xcassets */; };
		38959B8F2460058300C7AD4D /* LaunchScreen.storyboard in Resources */ = {isa = PBXBuildFile; fileRef = 38959B8D2460058300C7AD4D /* LaunchScreen.storyboard */; };
		38959B982460138000C7AD4D /* AutoLayout.swift in Sources */ = {isa = PBXBuildFile; fileRef = 38959B972460138000C7AD4D /* AutoLayout.swift */; };
		38959B9B246030CE00C7AD4D /* PlainLabel.swift in Sources */ = {isa = PBXBuildFile; fileRef = 38959B9A246030CE00C7AD4D /* PlainLabel.swift */; };
		38959B9D246038C800C7AD4D /* MatchListCollectionView.swift in Sources */ = {isa = PBXBuildFile; fileRef = 38959B9C246038C800C7AD4D /* MatchListCollectionView.swift */; };
		38959B9F24603A9800C7AD4D /* MatchCell.swift in Sources */ = {isa = PBXBuildFile; fileRef = 38959B9E24603A9800C7AD4D /* MatchCell.swift */; };
		38959BA12460580B00C7AD4D /* MatchPopupView.swift in Sources */ = {isa = PBXBuildFile; fileRef = 38959BA02460580B00C7AD4D /* MatchPopupView.swift */; };
		38AB806D2463B67800A75572 /* MainViewController.swift in Sources */ = {isa = PBXBuildFile; fileRef = 38AB806C2463B67800A75572 /* MainViewController.swift */; };
		38EA5AC42462E6BC00055D6B /* LogoImageView.swift in Sources */ = {isa = PBXBuildFile; fileRef = 38EA5AC32462E6BC00055D6B /* LogoImageView.swift */; };
/* End PBXBuildFile section */

/* Begin PBXFileReference section */
		38743A272463F282007B0E51 /* BungeeOutline-Regular.ttf */ = {isa = PBXFileReference; lastKnownFileType = file; name = "BungeeOutline-Regular.ttf"; path = "../../../../../../../../../../Downloads/Fonts/Bungee_Outline/BungeeOutline-Regular.ttf"; sourceTree = "<group>"; };
		38743A372467FCE3007B0E51 /* PlayViewController.swift */ = {isa = PBXFileReference; lastKnownFileType = sourcecode.swift; path = PlayViewController.swift; sourceTree = "<group>"; };
		38959B7F2460058100C7AD4D /* BaseballGameApp.app */ = {isa = PBXFileReference; explicitFileType = wrapper.application; includeInIndex = 0; path = BaseballGameApp.app; sourceTree = BUILT_PRODUCTS_DIR; };
		38959B822460058100C7AD4D /* AppDelegate.swift */ = {isa = PBXFileReference; lastKnownFileType = sourcecode.swift; path = AppDelegate.swift; sourceTree = "<group>"; };
		38959B842460058100C7AD4D /* SceneDelegate.swift */ = {isa = PBXFileReference; lastKnownFileType = sourcecode.swift; path = SceneDelegate.swift; sourceTree = "<group>"; };
		38959B862460058100C7AD4D /* MatchListViewController.swift */ = {isa = PBXFileReference; lastKnownFileType = sourcecode.swift; path = MatchListViewController.swift; sourceTree = "<group>"; };
		38959B892460058100C7AD4D /* Base */ = {isa = PBXFileReference; lastKnownFileType = file.storyboard; name = Base; path = Base.lproj/Main.storyboard; sourceTree = "<group>"; };
		38959B8B2460058300C7AD4D /* Assets.xcassets */ = {isa = PBXFileReference; lastKnownFileType = folder.assetcatalog; path = Assets.xcassets; sourceTree = "<group>"; };
		38959B8E2460058300C7AD4D /* Base */ = {isa = PBXFileReference; lastKnownFileType = file.storyboard; name = Base; path = Base.lproj/LaunchScreen.storyboard; sourceTree = "<group>"; };
		38959B902460058300C7AD4D /* Info.plist */ = {isa = PBXFileReference; lastKnownFileType = text.plist.xml; path = Info.plist; sourceTree = "<group>"; };
		38959B972460138000C7AD4D /* AutoLayout.swift */ = {isa = PBXFileReference; lastKnownFileType = sourcecode.swift; path = AutoLayout.swift; sourceTree = "<group>"; };
		38959B9A246030CE00C7AD4D /* PlainLabel.swift */ = {isa = PBXFileReference; lastKnownFileType = sourcecode.swift; path = PlainLabel.swift; sourceTree = "<group>"; };
		38959B9C246038C800C7AD4D /* MatchListCollectionView.swift */ = {isa = PBXFileReference; lastKnownFileType = sourcecode.swift; path = MatchListCollectionView.swift; sourceTree = "<group>"; };
		38959B9E24603A9800C7AD4D /* MatchCell.swift */ = {isa = PBXFileReference; lastKnownFileType = sourcecode.swift; path = MatchCell.swift; sourceTree = "<group>"; };
		38959BA02460580B00C7AD4D /* MatchPopupView.swift */ = {isa = PBXFileReference; lastKnownFileType = sourcecode.swift; path = MatchPopupView.swift; sourceTree = "<group>"; };
		38AB806C2463B67800A75572 /* MainViewController.swift */ = {isa = PBXFileReference; lastKnownFileType = sourcecode.swift; path = MainViewController.swift; sourceTree = "<group>"; };
		38EA5AC32462E6BC00055D6B /* LogoImageView.swift */ = {isa = PBXFileReference; lastKnownFileType = sourcecode.swift; path = LogoImageView.swift; sourceTree = "<group>"; };
/* End PBXFileReference section */

/* Begin PBXFrameworksBuildPhase section */
		38959B7C2460058100C7AD4D /* Frameworks */ = {
			isa = PBXFrameworksBuildPhase;
			buildActionMask = 2147483647;
			files = (
			);
			runOnlyForDeploymentPostprocessing = 0;
		};
/* End PBXFrameworksBuildPhase section */

/* Begin PBXGroup section */
		38743A262463F251007B0E51 /* Fonts */ = {
			isa = PBXGroup;
			children = (
				38743A272463F282007B0E51 /* BungeeOutline-Regular.ttf */,
			);
			path = Fonts;
			sourceTree = "<group>";
		};
		38743A342467FB2B007B0E51 /* PlayTabBar */ = {
			isa = PBXGroup;
			children = (
				38743A372467FCE3007B0E51 /* PlayViewController.swift */,
			);
			path = PlayTabBar;
			sourceTree = "<group>";
		};
		38959B762460058100C7AD4D = {
			isa = PBXGroup;
			children = (
				38959B812460058100C7AD4D /* BaseballGameApp */,
				38959B802460058100C7AD4D /* Products */,
			);
			sourceTree = "<group>";
		};
		38959B802460058100C7AD4D /* Products */ = {
			isa = PBXGroup;
			children = (
				38959B7F2460058100C7AD4D /* BaseballGameApp.app */,
			);
			name = Products;
			sourceTree = "<group>";
		};
		38959B812460058100C7AD4D /* BaseballGameApp */ = {
			isa = PBXGroup;
			children = (
				38AB806B2463B65200A75572 /* ViewControllers */,
				38959B992460306100C7AD4D /* Views */,
				38959B962460136E00C7AD4D /* Extensions */,
				38743A262463F251007B0E51 /* Fonts */,
				38959B822460058100C7AD4D /* AppDelegate.swift */,
				38959B842460058100C7AD4D /* SceneDelegate.swift */,
				38959B882460058100C7AD4D /* Main.storyboard */,
				38959B8B2460058300C7AD4D /* Assets.xcassets */,
				38959B8D2460058300C7AD4D /* LaunchScreen.storyboard */,
				38959B902460058300C7AD4D /* Info.plist */,
			);
			path = BaseballGameApp;
			sourceTree = "<group>";
		};
		38959B962460136E00C7AD4D /* Extensions */ = {
			isa = PBXGroup;
			children = (
				38959B972460138000C7AD4D /* AutoLayout.swift */,
			);
			path = Extensions;
			sourceTree = "<group>";
		};
		38959B992460306100C7AD4D /* Views */ = {
			isa = PBXGroup;
			children = (
				38959B9A246030CE00C7AD4D /* PlainLabel.swift */,
				38959B9C246038C800C7AD4D /* MatchListCollectionView.swift */,
				38959B9E24603A9800C7AD4D /* MatchCell.swift */,
				38959BA02460580B00C7AD4D /* MatchPopupView.swift */,
				38EA5AC32462E6BC00055D6B /* LogoImageView.swift */,
			);
			path = Views;
			sourceTree = "<group>";
		};
		38AB806B2463B65200A75572 /* ViewControllers */ = {
			isa = PBXGroup;
			children = (
				38743A342467FB2B007B0E51 /* PlayTabBar */,
				38959B862460058100C7AD4D /* MatchListViewController.swift */,
				38AB806C2463B67800A75572 /* MainViewController.swift */,
			);
			path = ViewControllers;
			sourceTree = "<group>";
		};
/* End PBXGroup section */

/* Begin PBXNativeTarget section */
		38959B7E2460058100C7AD4D /* BaseballGameApp */ = {
			isa = PBXNativeTarget;
			buildConfigurationList = 38959B932460058300C7AD4D /* Build configuration list for PBXNativeTarget "BaseballGameApp" */;
			buildPhases = (
				38959B7B2460058100C7AD4D /* Sources */,
				38959B7C2460058100C7AD4D /* Frameworks */,
				38959B7D2460058100C7AD4D /* Resources */,
			);
			buildRules = (
			);
			dependencies = (
			);
			name = BaseballGameApp;
			productName = BaseballGameApp;
			productReference = 38959B7F2460058100C7AD4D /* BaseballGameApp.app */;
			productType = "com.apple.product-type.application";
		};
/* End PBXNativeTarget section */

/* Begin PBXProject section */
		38959B772460058100C7AD4D /* Project object */ = {
			isa = PBXProject;
			attributes = {
				LastSwiftUpdateCheck = 1130;
				LastUpgradeCheck = 1130;
				ORGANIZATIONNAME = corykim0829;
				TargetAttributes = {
					38959B7E2460058100C7AD4D = {
						CreatedOnToolsVersion = 11.3.1;
					};
				};
			};
			buildConfigurationList = 38959B7A2460058100C7AD4D /* Build configuration list for PBXProject "BaseballGameApp" */;
			compatibilityVersion = "Xcode 9.3";
			developmentRegion = en;
			hasScannedForEncodings = 0;
			knownRegions = (
				en,
				Base,
			);
			mainGroup = 38959B762460058100C7AD4D;
			productRefGroup = 38959B802460058100C7AD4D /* Products */;
			projectDirPath = "";
			projectRoot = "";
			targets = (
				38959B7E2460058100C7AD4D /* BaseballGameApp */,
			);
		};
/* End PBXProject section */

/* Begin PBXResourcesBuildPhase section */
		38959B7D2460058100C7AD4D /* Resources */ = {
			isa = PBXResourcesBuildPhase;
			buildActionMask = 2147483647;
			files = (
				38959B8F2460058300C7AD4D /* LaunchScreen.storyboard in Resources */,
				38959B8C2460058300C7AD4D /* Assets.xcassets in Resources */,
				38743A282463F282007B0E51 /* BungeeOutline-Regular.ttf in Resources */,
				38959B8A2460058100C7AD4D /* Main.storyboard in Resources */,
			);
			runOnlyForDeploymentPostprocessing = 0;
		};
/* End PBXResourcesBuildPhase section */

/* Begin PBXSourcesBuildPhase section */
		38959B7B2460058100C7AD4D /* Sources */ = {
			isa = PBXSourcesBuildPhase;
			buildActionMask = 2147483647;
			files = (
				38959B872460058100C7AD4D /* MatchListViewController.swift in Sources */,
				38959B832460058100C7AD4D /* AppDelegate.swift in Sources */,
				38959B9D246038C800C7AD4D /* MatchListCollectionView.swift in Sources */,
				38743A382467FCE3007B0E51 /* PlayViewController.swift in Sources */,
				38959B982460138000C7AD4D /* AutoLayout.swift in Sources */,
				38959B852460058100C7AD4D /* SceneDelegate.swift in Sources */,
				38959B9B246030CE00C7AD4D /* PlainLabel.swift in Sources */,
				38EA5AC42462E6BC00055D6B /* LogoImageView.swift in Sources */,
				38959B9F24603A9800C7AD4D /* MatchCell.swift in Sources */,
				38AB806D2463B67800A75572 /* MainViewController.swift in Sources */,
				38959BA12460580B00C7AD4D /* MatchPopupView.swift in Sources */,
			);
			runOnlyForDeploymentPostprocessing = 0;
		};
/* End PBXSourcesBuildPhase section */

/* Begin PBXVariantGroup section */
		38959B882460058100C7AD4D /* Main.storyboard */ = {
			isa = PBXVariantGroup;
			children = (
				38959B892460058100C7AD4D /* Base */,
			);
			name = Main.storyboard;
			sourceTree = "<group>";
		};
		38959B8D2460058300C7AD4D /* LaunchScreen.storyboard */ = {
			isa = PBXVariantGroup;
			children = (
				38959B8E2460058300C7AD4D /* Base */,
			);
			name = LaunchScreen.storyboard;
			sourceTree = "<group>";
		};
/* End PBXVariantGroup section */

/* Begin XCBuildConfiguration section */
		38959B912460058300C7AD4D /* Debug */ = {
			isa = XCBuildConfiguration;
			buildSettings = {
				ALWAYS_SEARCH_USER_PATHS = NO;
				CLANG_ANALYZER_NONNULL = YES;
				CLANG_ANALYZER_NUMBER_OBJECT_CONVERSION = YES_AGGRESSIVE;
				CLANG_CXX_LANGUAGE_STANDARD = "gnu++14";
				CLANG_CXX_LIBRARY = "libc++";
				CLANG_ENABLE_MODULES = YES;
				CLANG_ENABLE_OBJC_ARC = YES;
				CLANG_ENABLE_OBJC_WEAK = YES;
				CLANG_WARN_BLOCK_CAPTURE_AUTORELEASING = YES;
				CLANG_WARN_BOOL_CONVERSION = YES;
				CLANG_WARN_COMMA = YES;
				CLANG_WARN_CONSTANT_CONVERSION = YES;
				CLANG_WARN_DEPRECATED_OBJC_IMPLEMENTATIONS = YES;
				CLANG_WARN_DIRECT_OBJC_ISA_USAGE = YES_ERROR;
				CLANG_WARN_DOCUMENTATION_COMMENTS = YES;
				CLANG_WARN_EMPTY_BODY = YES;
				CLANG_WARN_ENUM_CONVERSION = YES;
				CLANG_WARN_INFINITE_RECURSION = YES;
				CLANG_WARN_INT_CONVERSION = YES;
				CLANG_WARN_NON_LITERAL_NULL_CONVERSION = YES;
				CLANG_WARN_OBJC_IMPLICIT_RETAIN_SELF = YES;
				CLANG_WARN_OBJC_LITERAL_CONVERSION = YES;
				CLANG_WARN_OBJC_ROOT_CLASS = YES_ERROR;
				CLANG_WARN_RANGE_LOOP_ANALYSIS = YES;
				CLANG_WARN_STRICT_PROTOTYPES = YES;
				CLANG_WARN_SUSPICIOUS_MOVE = YES;
				CLANG_WARN_UNGUARDED_AVAILABILITY = YES_AGGRESSIVE;
				CLANG_WARN_UNREACHABLE_CODE = YES;
				CLANG_WARN__DUPLICATE_METHOD_MATCH = YES;
				COPY_PHASE_STRIP = NO;
				DEBUG_INFORMATION_FORMAT = dwarf;
				ENABLE_STRICT_OBJC_MSGSEND = YES;
				ENABLE_TESTABILITY = YES;
				GCC_C_LANGUAGE_STANDARD = gnu11;
				GCC_DYNAMIC_NO_PIC = NO;
				GCC_NO_COMMON_BLOCKS = YES;
				GCC_OPTIMIZATION_LEVEL = 0;
				GCC_PREPROCESSOR_DEFINITIONS = (
					"DEBUG=1",
					"$(inherited)",
				);
				GCC_WARN_64_TO_32_BIT_CONVERSION = YES;
				GCC_WARN_ABOUT_RETURN_TYPE = YES_ERROR;
				GCC_WARN_UNDECLARED_SELECTOR = YES;
				GCC_WARN_UNINITIALIZED_AUTOS = YES_AGGRESSIVE;
				GCC_WARN_UNUSED_FUNCTION = YES;
				GCC_WARN_UNUSED_VARIABLE = YES;
				IPHONEOS_DEPLOYMENT_TARGET = 13.2;
				MTL_ENABLE_DEBUG_INFO = INCLUDE_SOURCE;
				MTL_FAST_MATH = YES;
				ONLY_ACTIVE_ARCH = YES;
				SDKROOT = iphoneos;
				SWIFT_ACTIVE_COMPILATION_CONDITIONS = DEBUG;
				SWIFT_OPTIMIZATION_LEVEL = "-Onone";
			};
			name = Debug;
		};
		38959B922460058300C7AD4D /* Release */ = {
			isa = XCBuildConfiguration;
			buildSettings = {
				ALWAYS_SEARCH_USER_PATHS = NO;
				CLANG_ANALYZER_NONNULL = YES;
				CLANG_ANALYZER_NUMBER_OBJECT_CONVERSION = YES_AGGRESSIVE;
				CLANG_CXX_LANGUAGE_STANDARD = "gnu++14";
				CLANG_CXX_LIBRARY = "libc++";
				CLANG_ENABLE_MODULES = YES;
				CLANG_ENABLE_OBJC_ARC = YES;
				CLANG_ENABLE_OBJC_WEAK = YES;
				CLANG_WARN_BLOCK_CAPTURE_AUTORELEASING = YES;
				CLANG_WARN_BOOL_CONVERSION = YES;
				CLANG_WARN_COMMA = YES;
				CLANG_WARN_CONSTANT_CONVERSION = YES;
				CLANG_WARN_DEPRECATED_OBJC_IMPLEMENTATIONS = YES;
				CLANG_WARN_DIRECT_OBJC_ISA_USAGE = YES_ERROR;
				CLANG_WARN_DOCUMENTATION_COMMENTS = YES;
				CLANG_WARN_EMPTY_BODY = YES;
				CLANG_WARN_ENUM_CONVERSION = YES;
				CLANG_WARN_INFINITE_RECURSION = YES;
				CLANG_WARN_INT_CONVERSION = YES;
				CLANG_WARN_NON_LITERAL_NULL_CONVERSION = YES;
				CLANG_WARN_OBJC_IMPLICIT_RETAIN_SELF = YES;
				CLANG_WARN_OBJC_LITERAL_CONVERSION = YES;
				CLANG_WARN_OBJC_ROOT_CLASS = YES_ERROR;
				CLANG_WARN_RANGE_LOOP_ANALYSIS = YES;
				CLANG_WARN_STRICT_PROTOTYPES = YES;
				CLANG_WARN_SUSPICIOUS_MOVE = YES;
				CLANG_WARN_UNGUARDED_AVAILABILITY = YES_AGGRESSIVE;
				CLANG_WARN_UNREACHABLE_CODE = YES;
				CLANG_WARN__DUPLICATE_METHOD_MATCH = YES;
				COPY_PHASE_STRIP = NO;
				DEBUG_INFORMATION_FORMAT = "dwarf-with-dsym";
				ENABLE_NS_ASSERTIONS = NO;
				ENABLE_STRICT_OBJC_MSGSEND = YES;
				GCC_C_LANGUAGE_STANDARD = gnu11;
				GCC_NO_COMMON_BLOCKS = YES;
				GCC_WARN_64_TO_32_BIT_CONVERSION = YES;
				GCC_WARN_ABOUT_RETURN_TYPE = YES_ERROR;
				GCC_WARN_UNDECLARED_SELECTOR = YES;
				GCC_WARN_UNINITIALIZED_AUTOS = YES_AGGRESSIVE;
				GCC_WARN_UNUSED_FUNCTION = YES;
				GCC_WARN_UNUSED_VARIABLE = YES;
				IPHONEOS_DEPLOYMENT_TARGET = 13.2;
				MTL_ENABLE_DEBUG_INFO = NO;
				MTL_FAST_MATH = YES;
				SDKROOT = iphoneos;
				SWIFT_COMPILATION_MODE = wholemodule;
				SWIFT_OPTIMIZATION_LEVEL = "-O";
				VALIDATE_PRODUCT = YES;
			};
			name = Release;
		};
		38959B942460058300C7AD4D /* Debug */ = {
			isa = XCBuildConfiguration;
			buildSettings = {
				ASSETCATALOG_COMPILER_APPICON_NAME = AppIcon;
				CODE_SIGN_STYLE = Automatic;
				DEVELOPMENT_TEAM = N2GAL8582Q;
				INFOPLIST_FILE = BaseballGameApp/Info.plist;
				LD_RUNPATH_SEARCH_PATHS = (
					"$(inherited)",
					"@executable_path/Frameworks",
				);
				PRODUCT_BUNDLE_IDENTIFIER = kr.corykim0829.BaseballGameApp;
				PRODUCT_NAME = "$(TARGET_NAME)";
				SWIFT_VERSION = 5.0;
				TARGETED_DEVICE_FAMILY = "1,2";
			};
			name = Debug;
		};
		38959B952460058300C7AD4D /* Release */ = {
			isa = XCBuildConfiguration;
			buildSettings = {
				ASSETCATALOG_COMPILER_APPICON_NAME = AppIcon;
				CODE_SIGN_STYLE = Automatic;
				DEVELOPMENT_TEAM = N2GAL8582Q;
				INFOPLIST_FILE = BaseballGameApp/Info.plist;
				LD_RUNPATH_SEARCH_PATHS = (
					"$(inherited)",
					"@executable_path/Frameworks",
				);
				PRODUCT_BUNDLE_IDENTIFIER = kr.corykim0829.BaseballGameApp;
				PRODUCT_NAME = "$(TARGET_NAME)";
				SWIFT_VERSION = 5.0;
				TARGETED_DEVICE_FAMILY = "1,2";
			};
			name = Release;
		};
/* End XCBuildConfiguration section */

/* Begin XCConfigurationList section */
		38959B7A2460058100C7AD4D /* Build configuration list for PBXProject "BaseballGameApp" */ = {
			isa = XCConfigurationList;
			buildConfigurations = (
				38959B912460058300C7AD4D /* Debug */,
				38959B922460058300C7AD4D /* Release */,
			);
			defaultConfigurationIsVisible = 0;
			defaultConfigurationName = Release;
		};
		38959B932460058300C7AD4D /* Build configuration list for PBXNativeTarget "BaseballGameApp" */ = {
			isa = XCConfigurationList;
			buildConfigurations = (
				38959B942460058300C7AD4D /* Debug */,
				38959B952460058300C7AD4D /* Release */,
			);
			defaultConfigurationIsVisible = 0;
			defaultConfigurationName = Release;
		};
/* End XCConfigurationList section */
	};
	rootObject = 38959B772460058100C7AD4D /* Project object */;
}
